[[package]]
name = "asgiref"
version = "3.2.10"
description = "ASGI specs, helper code, and adapters"
category = "main"
optional = false
python-versions = ">=3.5"

[package.extras]
tests = ["pytest", "pytest-asyncio"]

[[package]]
name = "babel"
version = "2.8.0"
description = "Internationalization utilities"
category = "main"
optional = false
python-versions = ">=2.7, !=3.0.*, !=3.1.*, !=3.2.*, !=3.3.*"

[package.dependencies]
pytz = ">=2015.7"

[[package]]
name = "beautifulsoup4"
version = "4.9.1"
description = "Screen-scraping library"
category = "main"
optional = false
python-versions = "*"

[package.extras]
html5lib = ["html5lib"]
lxml = ["lxml"]

[package.dependencies]
soupsieve = [">1.2", "<2.0"]

[[package]]
name = "django"
version = "3.1"
description = "A high-level Python Web framework that encourages rapid development and clean, pragmatic design."
category = "main"
optional = false
python-versions = ">=3.6"

[package.extras]
argon2 = ["argon2-cffi (>=16.1.0)"]
bcrypt = ["bcrypt"]

[package.dependencies]
asgiref = ">=3.2.10,<3.3.0"
pytz = "*"
sqlparse = ">=0.2.2"

[[package]]
name = "django-appconf"
version = "1.0.4"
description = "A helper class for handling configuration defaults of packaged apps gracefully."
category = "main"
optional = false
python-versions = "*"

[package.dependencies]
django = "*"

[[package]]
name = "django-autoslug"
version = "1.9.8"
description = "An automated slug field for Django."
category = "main"
optional = false
python-versions = "*"

[package.extras]
cyrillic = ["pytils (>=0.2)"]
translitcodec = ["translitcodec (>=0.3)"]

[[package]]
name = "django-bootstrap4"
version = "2.2.0"
description = "Bootstrap support for Django projects"
category = "main"
optional = false
python-versions = ">=3.6,<4.0"

[package.extras]
docs = ["sphinx (>=2.4,<3.0)", "sphinx_rtd_theme (>=0.4.3,<0.5.0)", "m2r (>=0.2.1,<0.3.0)"]

[package.dependencies]
beautifulsoup4 = ">=4.8.0,<5.0.0"
django = ">=2.2,<4.0"

[package.dependencies.importlib-metadata]
version = ">=1.5.0,<2.0.0"
python = "<3.8"

[[package]]
name = "django-filter"
version = "2.3.0"
description = "Django-filter is a reusable Django application for allowing users to filter querysets dynamically."
category = "main"
optional = false
python-versions = ">=3.5"

[package.dependencies]
Django = ">=2.2"

[[package]]
name = "django-leaflet"
version = "0.26.0"
description = "Use Leaflet in your django projects"
category = "main"
optional = false
python-versions = "*"

[package.extras]
docs = ["sphinx", "sphinx-autobuild"]

[package.dependencies]
Django = "*"

[[package]]
name = "django-select2"
version = "7.4.2"
description = "Select2 option fields for Django"
category = "main"
optional = false
python-versions = "*"

[package.extras]
test = ["pytest", "pytest-cov", "pytest-django", "selenium"]

[package.dependencies]
django = ">=2.2"
django-appconf = ">=0.6.0"

[[package]]
name = "django-tables2"
version = "2.3.1"
description = "Table/data-grid framework for Django"
category = "main"
optional = false
python-versions = "*"

[package.extras]
tablib = ["tablib"]

[package.dependencies]
Django = ">=1.11"

[[package]]
name = "importlib-metadata"
version = "1.7.0"
description = "Read metadata from Python packages"
category = "main"
optional = false
python-versions = "!=3.0.*,!=3.1.*,!=3.2.*,!=3.3.*,!=3.4.*,>=2.7"
marker = "python_version < \"3.8\""

[package.extras]
docs = ["sphinx", "rst.linker"]
testing = ["packaging", "pep517", "importlib-resources (>=1.3)"]

[package.dependencies]
zipp = ">=0.5"

[[package]]
name = "ndh"
version = "3.10.4"
description = "Nim’s Django Helpers"
category = "main"
optional = false
python-versions = ">=3.6"

[package.dependencies]
Django = "*"
django-autoslug = "*"
django-bootstrap4 = "*"

[[package]]
name = "pytz"
version = "2020.1"
description = "World timezone definitions, modern and historical"
category = "main"
optional = false
python-versions = "*"

[[package]]
name = "six"
version = "1.15.0"
description = "Python 2 and 3 compatibility utilities"
category = "main"
optional = false
python-versions = ">=2.7, !=3.0.*, !=3.1.*, !=3.2.*"

[[package]]
name = "soupsieve"
version = "1.9.6"
description = "A modern CSS selector implementation for Beautiful Soup."
category = "main"
optional = false
python-versions = "*"

[[package]]
name = "sqlparse"
version = "0.3.1"
description = "Non-validating SQL parser"
category = "main"
optional = false
python-versions = ">=2.7, !=3.0.*, !=3.1.*, !=3.2.*, !=3.3.*"

[[package]]
name = "wikidata"
version = "0.6.1"
description = "Wikidata client library"
category = "main"
optional = false
python-versions = ">=3.4.0"

[package.dependencies]
Babel = ">=2.0"

[[package]]
name = "zipp"
version = "3.1.0"
description = "Backport of pathlib-compatible object wrapper for zip files"
category = "main"
optional = false
python-versions = ">=3.6"
marker = "python_version < \"3.8\""

[package.extras]
docs = ["sphinx", "jaraco.packaging (>=3.2)", "rst.linker (>=1.9)"]
testing = ["jaraco.itertools", "func-timeout"]

[metadata]
lock-version = "1.0"
python-versions = "^3.7"
content-hash = "ca079b15c59e750125c6d6f74e88783f3466134e564c03c943fa346abb86495a"

[metadata.files]
asgiref = [
    {file = "asgiref-3.2.10-py3-none-any.whl", hash = "sha256:9fc6fb5d39b8af147ba40765234fa822b39818b12cc80b35ad9b0cef3a476aed"},
    {file = "asgiref-3.2.10.tar.gz", hash = "sha256:7e51911ee147dd685c3c8b805c0ad0cb58d360987b56953878f8c06d2d1c6f1a"},
]
babel = [
    {file = "Babel-2.8.0-py2.py3-none-any.whl", hash = "sha256:d670ea0b10f8b723672d3a6abeb87b565b244da220d76b4dba1b66269ec152d4"},
    {file = "Babel-2.8.0.tar.gz", hash = "sha256:1aac2ae2d0d8ea368fa90906567f5c08463d98ade155c0c4bfedd6a0f7160e38"},
]
beautifulsoup4 = [
    {file = "beautifulsoup4-4.9.1-py2-none-any.whl", hash = "sha256:e718f2342e2e099b640a34ab782407b7b676f47ee272d6739e60b8ea23829f2c"},
    {file = "beautifulsoup4-4.9.1-py3-none-any.whl", hash = "sha256:a6237df3c32ccfaee4fd201c8f5f9d9df619b93121d01353a64a73ce8c6ef9a8"},
    {file = "beautifulsoup4-4.9.1.tar.gz", hash = "sha256:73cc4d115b96f79c7d77c1c7f7a0a8d4c57860d1041df407dd1aae7f07a77fd7"},
]
django = [
    {file = "Django-3.1-py3-none-any.whl", hash = "sha256:1a63f5bb6ff4d7c42f62a519edc2adbb37f9b78068a5a862beff858b68e3dc8b"},
    {file = "Django-3.1.tar.gz", hash = "sha256:2d390268a13c655c97e0e2ede9d117007996db692c1bb93eabebd4fb7ea7012b"},
]
django-appconf = [
    {file = "django-appconf-1.0.4.tar.gz", hash = "sha256:be58deb54a43d77d2e1621fe59f787681376d3cd0b8bd8e4758ef6c3a6453380"},
    {file = "django_appconf-1.0.4-py2.py3-none-any.whl", hash = "sha256:1b1d0e1069c843ebe8ae5aa48ec52403b1440402b320c3e3a206a0907e97bb06"},
]
django-autoslug = [
    {file = "django-autoslug-1.9.8.tar.gz", hash = "sha256:bae66c27d35615f472865b99c4d107f3b3add3d22ee337e84960fc07694abd45"},
    {file = "django_autoslug-1.9.8-py2.py3-none-any.whl", hash = "sha256:26459eeddec207e307c55777a10fc25d17f4978753695340b16a17ed248a6f70"},
]
django-bootstrap4 = [
    {file = "django-bootstrap4-2.2.0.tar.gz", hash = "sha256:1c0a931b4245a0dcd5051ea1b244ac130a328374ce8e85254c75eb072a737201"},
    {file = "django_bootstrap4-2.2.0-py3-none-any.whl", hash = "sha256:32cc0f914ace4cef935c0d3f786dde2a52f0ea1be72153f6e356c0aa8f3925e1"},
]
django-filter = [
    {file = "django-filter-2.3.0.tar.gz", hash = "sha256:11e63dd759835d9ba7a763926ffb2662cf8a6dcb4c7971a95064de34dbc7e5af"},
    {file = "django_filter-2.3.0-py3-none-any.whl", hash = "sha256:616848eab6fc50193a1b3730140c49b60c57a3eda1f7fc57fa8505ac156c6c75"},
]
django-leaflet = [
    {file = "django-leaflet-0.26.0.tar.gz", hash = "sha256:b90ea16f69e94cb89254569b5f3e1875602e4c028365acf2e5a1271d80bc6035"},
]
django-select2 = [
    {file = "django-select2-7.4.2.tar.gz", hash = "sha256:9d3330fa0083a03fb69fceb5dcd2e78065cfd08e45c89d4fd727fce4673d3e08"},
    {file = "django_select2-7.4.2-py2.py3-none-any.whl", hash = "sha256:06531d563ce33c3133682ae2bb9e6d762103a863d0054ffef51bae8b4cfcca6c"},
]
django-tables2 = [
    {file = "django-tables2-2.3.1.tar.gz", hash = "sha256:28da782f81f046c7d921246f43e7ba2df430cafe5a0e00a0f9dadef25a0e487d"},
    {file = "django_tables2-2.3.1-py2.py3-none-any.whl", hash = "sha256:7e425ad51e22caf5470351981f0fcd4fd35d4cf2d4c3b76fa1b7bf56251778d1"},
]
importlib-metadata = [
    {file = "importlib_metadata-1.7.0-py2.py3-none-any.whl", hash = "sha256:dc15b2969b4ce36305c51eebe62d418ac7791e9a157911d58bfb1f9ccd8e2070"},
    {file = "importlib_metadata-1.7.0.tar.gz", hash = "sha256:90bb658cdbbf6d1735b6341ce708fc7024a3e14e99ffdc5783edea9f9b077f83"},
]
ndh = [
    {file = "ndh-3.10.4-py3-none-any.whl", hash = "sha256:561dd226396042d2b642d3f041d8c94f116f266dfe46ad593156af67d31377f7"},
    {file = "ndh-3.10.4.tar.gz", hash = "sha256:ddabe13bf64a294f9f030ba952cc1dd3a7e52cf30682e7420feb7135c55f0d67"},
]
pytz = [
    {file = "pytz-2020.1-py2.py3-none-any.whl", hash = "sha256:a494d53b6d39c3c6e44c3bec237336e14305e4f29bbf800b599253057fbb79ed"},
    {file = "pytz-2020.1.tar.gz", hash = "sha256:c35965d010ce31b23eeb663ed3cc8c906275d6be1a34393a1d73a41febf4a048"},
]
six = [
    {file = "six-1.15.0-py2.py3-none-any.whl", hash = "sha256:8b74bedcbbbaca38ff6d7491d76f2b06b3592611af620f8426e82dddb04a5ced"},
    {file = "six-1.15.0.tar.gz", hash = "sha256:30639c035cdb23534cd4aa2dd52c3bf48f06e5f4a941509c8bafd8ce11080259"},
]
soupsieve = [
    {file = "soupsieve-1.9.6-py2.py3-none-any.whl", hash = "sha256:feb1e937fa26a69e08436aad4a9037cd7e1d4c7212909502ba30701247ff8abd"},
    {file = "soupsieve-1.9.6.tar.gz", hash = "sha256:7985bacc98c34923a439967c1a602dc4f1e15f923b6fcf02344184f86cc7efaa"},
]
sqlparse = [
    {file = "sqlparse-0.3.1-py2.py3-none-any.whl", hash = "sha256:022fb9c87b524d1f7862b3037e541f68597a730a8843245c349fc93e1643dc4e"},
    {file = "sqlparse-0.3.1.tar.gz", hash = "sha256:e162203737712307dfe78860cc56c8da8a852ab2ee33750e33aeadf38d12c548"},
]
wikidata = [
    {file = "Wikidata-0.6.1-py3-none-any.whl", hash = "sha256:72998341af4fc3484ae46d6f6e140334325508dcebe3ab80fe5dbe84931c9f66"},
    {file = "Wikidata-0.6.1.tar.gz", hash = "sha256:895753e98c3f3d8d391249c636ee7af6e7181add50d7c68094e1bad69ab7d422"},
]
zipp = [
    {file = "zipp-3.1.0-py3-none-any.whl", hash = "sha256:aa36550ff0c0b7ef7fa639055d797116ee891440eac1a56f378e2d3179e0320b"},
    {file = "zipp-3.1.0.tar.gz", hash = "sha256:c599e4d75c98f6798c509911d08a22e6c021d074469042177c8c86fb92eefd96"},
]
